// !$*UTF8*$!
{
	archiveVersion = 1;
	classes = {
	};
	objectVersion = 46;
	objects = {

/* Begin PBXBuildFile section */
		DE6095FE1F1CEA5F000E1A63 /* AppDelegate.swift in Sources */ = {isa = PBXBuildFile; fileRef = DE6095FD1F1CEA5F000E1A63 /* AppDelegate.swift */; };
		DE6096001F1CEA5F000E1A63 /* ViewController.swift in Sources */ = {isa = PBXBuildFile; fileRef = DE6095FF1F1CEA5F000E1A63 /* ViewController.swift */; };
		DE6096031F1CEA5F000E1A63 /* Main.storyboard in Resources */ = {isa = PBXBuildFile; fileRef = DE6096011F1CEA5F000E1A63 /* Main.storyboard */; };
		DE6096051F1CEA5F000E1A63 /* Assets.xcassets in Resources */ = {isa = PBXBuildFile; fileRef = DE6096041F1CEA5F000E1A63 /* Assets.xcassets */; };
		DE6096081F1CEA5F000E1A63 /* LaunchScreen.storyboard in Resources */ = {isa = PBXBuildFile; fileRef = DE6096061F1CEA5F000E1A63 /* LaunchScreen.storyboard */; };
		DE6096101F1CEFB0000E1A63 /* square.png in Resources */ = {isa = PBXBuildFile; fileRef = DE60960F1F1CEFB0000E1A63 /* square.png */; };
/* End PBXBuildFile section */

/* Begin PBXFileReference section */
		DE6095FA1F1CEA5F000E1A63 /* QRReader.app */ = {isa = PBXFileReference; explicitFileType = wrapper.application; includeInIndex = 0; path = QRReader.app; sourceTree = BUILT_PRODUCTS_DIR; };
		DE6095FD1F1CEA5F000E1A63 /* AppDelegate.swift */ = {isa = PBXFileReference; lastKnownFileType = sourcecode.swift; path = AppDelegate.swift; sourceTree = "<group>"; };
		DE6095FF1F1CEA5F000E1A63 /* ViewController.swift */ = {isa = PBXFileReference; lastKnownFileType = sourcecode.swift; path = ViewController.swift; sourceTree = "<group>"; };
		DE6096021F1CEA5F000E1A63 /* Base */ = {isa = PBXFileReference; lastKnownFileType = file.storyboard; name = Base; path = Base.lproj/Main.storyboard; sourceTree = "<group>"; };
		DE6096041F1CEA5F000E1A63 /* Assets.xcassets */ = {isa = PBXFileReference; lastKnownFileType = folder.assetcatalog; path = Assets.xcassets; sourceTree = "<group>"; };
		DE6096071F1CEA5F000E1A63 /* Base */ = {isa = PBXFileReference; lastKnownFileType = file.storyboard; name = Base; path = Base.lproj/LaunchScreen.storyboard; sourceTree = "<group>"; };
		DE6096091F1CEA5F000E1A63 /* Info.plist */ = {isa = PBXFileReference; lastKnownFileType = text.plist.xml; path = Info.plist; sourceTree = "<group>"; };
		DE60960F1F1CEFB0000E1A63 /* square.png */ = {isa = PBXFileReference; lastKnownFileType = image.png; path = square.png; sourceTree = "<group>"; };
/* End PBXFileReference section */

/* Begin PBXFrameworksBuildPhase section */
		DE6095F71F1CEA5F000E1A63 /* Frameworks */ = {
			isa = PBXFrameworksBuildPhase;
			buildActionMask = 2147483647;
			files = (
			);
			runOnlyForDeploymentPostprocessing = 0;
		};
/* End PBXFrameworksBuildPhase section */

/* Begin PBXGroup section */
		DE6095F11F1CEA5F000E1A63 = {
			isa = PBXGroup;
			children = (
				DE6095FC1F1CEA5F000E1A63 /* QRReader */,
				DE6095FB1F1CEA5F000E1A63 /* Products */,
			);
			sourceTree = "<group>";
		};
		DE6095FB1F1CEA5F000E1A63 /* Products */ = {
			isa = PBXGroup;
			children = (
				DE6095FA1F1CEA5F000E1A63 /* QRReader.app */,
			);
			name = Products;
			sourceTree = "<group>";
		};
		DE6095FC1F1CEA5F000E1A63 /* QRReader */ = {
			isa = PBXGroup;
			children = (
				DE6095FD1F1CEA5F000E1A63 /* AppDelegate.swift */,
				DE6095FF1F1CEA5F000E1A63 /* ViewController.swift */,
				DE6096011F1CEA5F000E1A63 /* Main.storyboard */,
				DE6096041F1CEA5F000E1A63 /* Assets.xcassets */,
				DE6096061F1CEA5F000E1A63 /* LaunchScreen.storyboard */,
				DE60960F1F1CEFB0000E1A63 /* square.png */,
				DE6096091F1CEA5F000E1A63 /* Info.plist */,
			);
			path = QRReader;
			sourceTree = "<group>";
		};
/* End PBXGroup section */

/* Begin PBXNativeTarget section */
		DE6095F91F1CEA5F000E1A63 /* QRReader */ = {
			isa = PBXNativeTarget;
			buildConfigurationList = DE60960C1F1CEA5F000E1A63 /* Build configuration list for PBXNativeTarget "QRReader" */;
			buildPhases = (
				DE6095F61F1CEA5F000E1A63 /* Sources */,
				DE6095F71F1CEA5F000E1A63 /* Frameworks */,
				DE6095F81F1CEA5F000E1A63 /* Resources */,
			);
			buildRules = (
			);
			dependencies = (
			);
			name = QRReader;
			productName = QRReader;
			productReference = DE6095FA1F1CEA5F000E1A63 /* QRReader.app */;
			productType = "com.apple.product-type.application";
		};
/* End PBXNativeTarget section */

/* Begin PBXProject section */
		DE6095F21F1CEA5F000E1A63 /* Project object */ = {
			isa = PBXProject;
			attributes = {
				LastSwiftUpdateCheck = 0830;
				LastUpgradeCheck = 0830;
				ORGANIZATIONNAME = MAGNUMIUM;
				TargetAttributes = {
					DE6095F91F1CEA5F000E1A63 = {
						CreatedOnToolsVersion = 8.3.2;
						DevelopmentTeam = 9X5JXKD3D7;
						ProvisioningStyle = Automatic;
					};
				};
			};
			buildConfigurationList = DE6095F51F1CEA5F000E1A63 /* Build configuration list for PBXProject "QRReader" */;
			compatibilityVersion = "Xcode 3.2";
			developmentRegion = English;
			hasScannedForEncodings = 0;
			knownRegions = (
				en,
				Base,
			);
			mainGroup = DE6095F11F1CEA5F000E1A63;
			productRefGroup = DE6095FB1F1CEA5F000E1A63 /* Products */;
			projectDirPath = "";
			projectRoot = "";
			targets = (
				DE6095F91F1CEA5F000E1A63 /* QRReader */,
			);
		};
/* End PBXProject section */

/* Begin PBXResourcesBuildPhase section */
		DE6095F81F1CEA5F000E1A63 /* Resources */ = {
			isa = PBXResourcesBuildPhase;
			buildActionMask = 2147483647;
			files = (
				DE6096081F1CEA5F000E1A63 /* LaunchScreen.storyboard in Resources */,
				DE6096051F1CEA5F000E1A63 /* Assets.xcassets in Resources */,
				DE6096101F1CEFB0000E1A63 /* square.png in Resources */,
				DE6096031F1CEA5F000E1A63 /* Main.storyboard in Resources */,
			);
			runOnlyForDeploymentPostprocessing = 0;
		};
/* End PBXResourcesBuildPhase section */

/* Begin PBXSourcesBuildPhase section */
		DE6095F61F1CEA5F000E1A63 /* Sources */ = {
			isa = PBXSourcesBuildPhase;
			buildActionMask = 2147483647;
			files = (
				DE6096001F1CEA5F000E1A63 /* ViewController.swift in Sources */,
				DE6095FE1F1CEA5F000E1A63 /* AppDelegate.swift in Sources */,
			);
			runOnlyForDeploymentPostprocessing = 0;
		};
/* End PBXSourcesBuildPhase section */

/* Begin PBXVariantGroup section */
		DE6096011F1CEA5F000E1A63 /* Main.storyboard */ = {
			isa = PBXVariantGroup;
			children = (
				DE6096021F1CEA5F000E1A63 /* Base */,
			);
			name = Main.storyboard;
			sourceTree = "<group>";
		};
		DE6096061F1CEA5F000E1A63 /* LaunchScreen.storyboard */ = {
			isa = PBXVariantGroup;
			children = (
				DE6096071F1CEA5F000E1A63 /* Base */,
			);
			name = LaunchScreen.storyboard;
			sourceTree = "<group>";
		};
/* End PBXVariantGroup section */

/* Begin XCBuildConfiguration section */
		DE60960A1F1CEA5F000E1A63 /* Debug */ = {
			isa = XCBuildConfiguration;
			buildSettings = {
				ALWAYS_SEARCH_USER_PATHS = NO;
				CLANG_ANALYZER_NONNULL = YES;
				CLANG_ANALYZER_NUMBER_OBJECT_CONVERSION = YES_AGGRESSIVE;
				CLANG_CXX_LANGUAGE_STANDARD = "gnu++0x";
				CLANG_CXX_LIBRARY = "libc++";
				CLANG_ENABLE_MODULES = YES;
				CLANG_ENABLE_OBJC_ARC = YES;
				CLANG_WARN_BOOL_CONVERSION = YES;
				CLANG_WARN_CONSTANT_CONVERSION = YES;
				CLANG_WARN_DIRECT_OBJC_ISA_USAGE = YES_ERROR;
				CLANG_WARN_DOCUMENTATION_COMMENTS = YES;
				CLANG_WARN_EMPTY_BODY = YES;
				CLANG_WARN_ENUM_CONVERSION = YES;
				CLANG_WARN_INFINITE_RECURSION = YES;
				CLANG_WARN_INT_CONVERSION = YES;
				CLANG_WARN_OBJC_ROOT_CLASS = YES_ERROR;
				CLANG_WARN_SUSPICIOUS_MOVE = YES;
				CLANG_WARN_UNREACHABLE_CODE = YES;
				CLANG_WARN__DUPLICATE_METHOD_MATCH = YES;
				"CODE_SIGN_IDENTITY[sdk=iphoneos*]" = "iPhone Developer";
				COPY_PHASE_STRIP = NO;
				DEBUG_INFORMATION_FORMAT = dwarf;
				ENABLE_STRICT_OBJC_MSGSEND = YES;
				ENABLE_TESTABILITY = YES;
				GCC_C_LANGUAGE_STANDARD = gnu99;
				GCC_DYNAMIC_NO_PIC = NO;
				GCC_NO_COMMON_BLOCKS = YES;
				GCC_OPTIMIZATION_LEVEL = 0;
				GCC_PREPROCESSOR_DEFINITIONS = (
					"DEBUG=1",
					"$(inherited)",
				);
				GCC_WARN_64_TO_32_BIT_CONVERSION = YES;
				GCC_WARN_ABOUT_RETURN_TYPE = YES_ERROR;
				GCC_WARN_UNDECLARED_SELECTOR = YES;
				GCC_WARN_UNINITIALIZED_AUTOS = YES_AGGRESSIVE;
				GCC_WARN_UNUSED_FUNCTION = YES;
				GCC_WARN_UNUSED_VARIABLE = YES;
				IPHONEOS_DEPLOYMENT_TARGET = 10.3;
				MTL_ENABLE_DEBUG_INFO = YES;
				ONLY_ACTIVE_ARCH = YES;
				SDKROOT = iphoneos;
				SWIFT_ACTIVE_COMPILATION_CONDITIONS = DEBUG;
				SWIFT_OPTIMIZATION_LEVEL = "-Onone";
			};
			name = Debug;
		};
		DE60960B1F1CEA5F000E1A63 /* Release */ = {
			isa = XCBuildConfiguration;
			buildSettings = {
				ALWAYS_SEARCH_USER_PATHS = NO;
				CLANG_ANALYZER_NONNULL = YES;
				CLANG_ANALYZER_NUMBER_OBJECT_CONVERSION = YES_AGGRESSIVE;
				CLANG_CXX_LANGUAGE_STANDARD = "gnu++0x";
				CLANG_CXX_LIBRARY = "libc++";
				CLANG_ENABLE_MODULES = YES;
				CLANG_ENABLE_OBJC_ARC = YES;
				CLANG_WARN_BOOL_CONVERSION = YES;
				CLANG_WARN_CONSTANT_CONVERSION = YES;
				CLANG_WARN_DIRECT_OBJC_ISA_USAGE = YES_ERROR;
				CLANG_WARN_DOCUMENTATION_COMMENTS = YES;
				CLANG_WARN_EMPTY_BODY = YES;
				CLANG_WARN_ENUM_CONVERSION = YES;
				CLANG_WARN_INFINITE_RECURSION = YES;
				CLANG_WARN_INT_CONVERSION = YES;
				CLANG_WARN_OBJC_ROOT_CLASS = YES_ERROR;
				CLANG_WARN_SUSPICIOUS_MOVE = YES;
				CLANG_WARN_UNREACHABLE_CODE = YES;
				CLANG_WARN__DUPLICATE_METHOD_MATCH = YES;
				"CODE_SIGN_IDENTITY[sdk=iphoneos*]" = "iPhone Developer";
				COPY_PHASE_STRIP = NO;
				DEBUG_INFORMATION_FORMAT = "dwarf-with-dsym";
				ENABLE_NS_ASSERTIONS = NO;
				ENABLE_STRICT_OBJC_MSGSEND = YES;
				GCC_C_LANGUAGE_STANDARD = gnu99;
				GCC_NO_COMMON_BLOCKS = YES;
				GCC_WARN_64_TO_32_BIT_CONVERSION = YES;
				GCC_WARN_ABOUT_RETURN_TYPE = YES_ERROR;
				GCC_WARN_UNDECLARED_SELECTOR = YES;
				GCC_WARN_UNINITIALIZED_AUTOS = YES_AGGRESSIVE;
				GCC_WARN_UNUSED_FUNCTION = YES;
				GCC_WARN_UNUSED_VARIABLE = YES;
				IPHONEOS_DEPLOYMENT_TARGET = 10.3;
				MTL_ENABLE_DEBUG_INFO = NO;
				SDKROOT = iphoneos;
				SWIFT_OPTIMIZATION_LEVEL = "-Owholemodule";
				VALIDATE_PRODUCT = YES;
			};
			name = Release;
		};
		DE60960D1F1CEA5F000E1A63 /* Debug */ = {
			isa = XCBuildConfiguration;
			buildSettings = {
				ASSETCATALOG_COMPILER_APPICON_NAME = AppIcon;
				DEVELOPMENT_TEAM = 9X5JXKD3D7;
				INFOPLIST_FILE = QRReader/Info.plist;
				IPHONEOS_DEPLOYMENT_TARGET = 10.0;
				LD_RUNPATH_SEARCH_PATHS = "$(inherited) @executable_path/Frameworks";
				PRODUCT_BUNDLE_IDENTIFIER = com.bingnanchou.QRReader;
				PRODUCT_NAME = "$(TARGET_NAME)";
				SWIFT_VERSION = 3.0;
			};
			name = Debug;
		};
		DE60960E1F1CEA5F000E1A63 /* Release */ = {
			isa = XCBuildConfiguration;
			buildSettings = {
				ASSETCATALOG_COMPILER_APPICON_NAME = AppIcon;
				DEVELOPMENT_TEAM = 9X5JXKD3D7;
				INFOPLIST_FILE = QRReader/Info.plist;
				IPHONEOS_DEPLOYMENT_TARGET = 10.0;
				LD_RUNPATH_SEARCH_PATHS = "$(inherited) @executable_path/Frameworks";
				PRODUCT_BUNDLE_IDENTIFIER = com.bingnanchou.QRReader;
				PRODUCT_NAME = "$(TARGET_NAME)";
				SWIFT_VERSION = 3.0;
			};
			name = Release;
		};
/* End XCBuildConfiguration section */

/* Begin XCConfigurationList section */
		DE6095F51F1CEA5F000E1A63 /* Build configuration list for PBXProject "QRReader" */ = {
			isa = XCConfigurationList;
			buildConfigurations = (
				DE60960A1F1CEA5F000E1A63 /* Debug */,
				DE60960B1F1CEA5F000E1A63 /* Release */,
			);
			defaultConfigurationIsVisible = 0;
			defaultConfigurationName = Release;
		};
		DE60960C1F1CEA5F000E1A63 /* Build configuration list for PBXNativeTarget "QRReader" */ = {
			isa = XCConfigurationList;
			buildConfigurations = (
				DE60960D1F1CEA5F000E1A63 /* Debug */,
				DE60960E1F1CEA5F000E1A63 /* Release */,
			);
			defaultConfigurationIsVisible = 0;
			defaultConfigurationName = Release;
		};
/* End XCConfigurationList section */
	};
	rootObject = DE6095F21F1CEA5F000E1A63 /* Project object */;
}
